
Microsoft Visual Studio Solution File, Format Version 12.00
# Visual Studio 15
VisualStudioVersion = 15.0.27428.2015
MinimumVisualStudioVersion = 10.0.40219.1
Project("{9A19103F-16F7-4668-BE54-9A1E7A4F7556}") = "ZRada", "ZRada\ZRada.csproj", "{14627402-F2D0-405B-9D98-52B27C84BCBA}"
EndProject
Project("{9A19103F-16F7-4668-BE54-9A1E7A4F7556}") = "ParserTest", "ParserTest\ParserTest.csproj", "{06852220-E4DA-4F89-AAAF-089F0B8E312B}"
EndProject
Project("{FAE04EC0-301F-11D3-BF4B-00C04F79EFBC}") = "IcoDrops", "IcoDrops\IcoDrops.csproj", "{ED5390EF-62FD-4610-A8F9-CF2CD2616E09}"
EndProject
Project("{FAE04EC0-301F-11D3-BF4B-00C04F79EFBC}") = "EtherScan", "EtherScan\EtherScan.csproj", "{21AA2E46-3792-4447-B78D-3C0F24E71BA0}"
EndProject
Global
	GlobalSection(SolutionConfigurationPlatforms) = preSolution
		Debug|Any CPU = Debug|Any CPU
		Release|Any CPU = Release|Any CPU
	EndGlobalSection
	GlobalSection(ProjectConfigurationPlatforms) = postSolution
		{14627402-F2D0-405B-9D98-52B27C84BCBA}.Debug|Any CPU.ActiveCfg = Debug|Any CPU
		{14627402-F2D0-405B-9D98-52B27C84BCBA}.Debug|Any CPU.Build.0 = Debug|Any CPU
		{14627402-F2D0-405B-9D98-52B27C84BCBA}.Release|Any CPU.ActiveCfg = Release|Any CPU
		{14627402-F2D0-405B-9D98-52B27C84BCBA}.Release|Any CPU.Build.0 = Release|Any CPU
		{06852220-E4DA-4F89-AAAF-089F0B8E312B}.Debug|Any CPU.ActiveCfg = Debug|Any CPU
		{06852220-E4DA-4F89-AAAF-089F0B8E312B}.Debug|Any CPU.Build.0 = Debug|Any CPU
		{06852220-E4DA-4F89-AAAF-089F0B8E312B}.Release|Any CPU.ActiveCfg = Release|Any CPU
		{06852220-E4DA-4F89-AAAF-089F0B8E312B}.Release|Any CPU.Build.0 = Release|Any CPU
		{ED5390EF-62FD-4610-A8F9-CF2CD2616E09}.Debug|Any CPU.ActiveCfg = Debug|Any CPU
		{ED5390EF-62FD-4610-A8F9-CF2CD2616E09}.Debug|Any CPU.Build.0 = Debug|Any CPU
		{ED5390EF-62FD-4610-A8F9-CF2CD2616E09}.Release|Any CPU.ActiveCfg = Release|Any CPU
		{ED5390EF-62FD-4610-A8F9-CF2CD2616E09}.Release|Any CPU.Build.0 = Release|Any CPU
		{21AA2E46-3792-4447-B78D-3C0F24E71BA0}.Debug|Any CPU.ActiveCfg = Debug|Any CPU
		{21AA2E46-3792-4447-B78D-3C0F24E71BA0}.Debug|Any CPU.Build.0 = Debug|Any CPU
		{21AA2E46-3792-4447-B78D-3C0F24E71BA0}.Release|Any CPU.ActiveCfg = Release|Any CPU
		{21AA2E46-3792-4447-B78D-3C0F24E71BA0}.Release|Any CPU.Build.0 = Release|Any CPU
	EndGlobalSection
	GlobalSection(SolutionProperties) = preSolution
		HideSolutionNode = FALSE
	EndGlobalSection
	GlobalSection(ExtensibilityGlobals) = postSolution
		SolutionGuid = {1CF05127-FADF-4915-BFA5-4488CE969711}
	EndGlobalSection
EndGlobal
